
Microsoft Visual Studio Solution File, Format Version 12.00
# Visual Studio 2015
Project("{FAE04EC0-301F-11D3-BF4B-00C04F79EFBC}") = "InterfaceProject.CSharp", "InterfaceProject.CSharp.csproj", "{F091D6B8-5C2B-19AA-70C9-32F1FD99177D}"
EndProject
Global
	GlobalSection(SolutionConfigurationPlatforms) = preSolution
		Debug|Any CPU = Debug|Any CPU
		Release|Any CPU = Release|Any CPU
	EndGlobalSection
	GlobalSection(ProjectConfigurationPlatforms) = postSolution
		{F091D6B8-5C2B-19AA-70C9-32F1FD99177D}.Debug|Any CPU.ActiveCfg = Debug|Any CPU
		{F091D6B8-5C2B-19AA-70C9-32F1FD99177D}.Debug|Any CPU.Build.0 = Debug|Any CPU
		{F091D6B8-5C2B-19AA-70C9-32F1FD99177D}.Release|Any CPU.ActiveCfg = Release|Any CPU
		{F091D6B8-5C2B-19AA-70C9-32F1FD99177D}.Release|Any CPU.Build.0 = Release|Any CPU
	EndGlobalSection
	GlobalSection(SolutionProperties) = preSolution
		HideSolutionNode = FALSE
	EndGlobalSection
EndGlobal
